// !$*UTF8*$!
{
	archiveVersion = 1;
	classes = {
	};
	objectVersion = 51;
	objects = {

/* Begin PBXBuildFile section */
		0789E766DF104CB41AB92D83 /* Pods_App.framework in Frameworks */ = {isa = PBXBuildFile; fileRef = F1998D89A7417306EB9610CC /* Pods_App.framework */; };
		CA1A96BD2435FC5000317FB5 /* AppDelegate.swift in Sources */ = {isa = PBXBuildFile; fileRef = CA1A96BC2435FC5000317FB5 /* AppDelegate.swift */; };
		CA1A96BF2435FC5000317FB5 /* SceneDelegate.swift in Sources */ = {isa = PBXBuildFile; fileRef = CA1A96BE2435FC5000317FB5 /* SceneDelegate.swift */; };
		CA1A96C12435FC5000317FB5 /* ContentView.swift in Sources */ = {isa = PBXBuildFile; fileRef = CA1A96C02435FC5000317FB5 /* ContentView.swift */; };
		CA1A96C32435FC5300317FB5 /* Assets.xcassets in Resources */ = {isa = PBXBuildFile; fileRef = CA1A96C22435FC5300317FB5 /* Assets.xcassets */; };
		CA1A96C62435FC5300317FB5 /* Preview Assets.xcassets in Resources */ = {isa = PBXBuildFile; fileRef = CA1A96C52435FC5300317FB5 /* Preview Assets.xcassets */; };
		CA1A96C92435FC5300317FB5 /* LaunchScreen.storyboard in Resources */ = {isa = PBXBuildFile; fileRef = CA1A96C72435FC5300317FB5 /* LaunchScreen.storyboard */; };
		CA1A96D12435FD4000317FB5 /* LoginView.swift in Sources */ = {isa = PBXBuildFile; fileRef = CA1A96D02435FD4000317FB5 /* LoginView.swift */; };
		CA1A96D32436007F00317FB5 /* SignUpView.swift in Sources */ = {isa = PBXBuildFile; fileRef = CA1A96D22436007F00317FB5 /* SignUpView.swift */; };
		CAE32A96246F30BA00D75100 /* GoogleService-Info.plist in Resources */ = {isa = PBXBuildFile; fileRef = CAE32A95246F30BA00D75100 /* GoogleService-Info.plist */; };
		CAE32A98246F339500D75100 /* HomeView.swift in Sources */ = {isa = PBXBuildFile; fileRef = CAE32A97246F339500D75100 /* HomeView.swift */; };
		CAE32A9A246F343D00D75100 /* MainView.swift in Sources */ = {isa = PBXBuildFile; fileRef = CAE32A99246F343D00D75100 /* MainView.swift */; };
/* End PBXBuildFile section */

/* Begin PBXFileReference section */
		0CE0876B78F109C9C162A0FC /* Pods-App.debug.xcconfig */ = {isa = PBXFileReference; includeInIndex = 1; lastKnownFileType = text.xcconfig; name = "Pods-App.debug.xcconfig"; path = "Target Support Files/Pods-App/Pods-App.debug.xcconfig"; sourceTree = "<group>"; };
		6EE0F84EBC9C2FCFFB6E50EE /* Pods-App.release.xcconfig */ = {isa = PBXFileReference; includeInIndex = 1; lastKnownFileType = text.xcconfig; name = "Pods-App.release.xcconfig"; path = "Target Support Files/Pods-App/Pods-App.release.xcconfig"; sourceTree = "<group>"; };
		CA1A96B92435FC5000317FB5 /* App.app */ = {isa = PBXFileReference; explicitFileType = wrapper.application; includeInIndex = 0; path = App.app; sourceTree = BUILT_PRODUCTS_DIR; };
		CA1A96BC2435FC5000317FB5 /* AppDelegate.swift */ = {isa = PBXFileReference; lastKnownFileType = sourcecode.swift; path = AppDelegate.swift; sourceTree = "<group>"; };
		CA1A96BE2435FC5000317FB5 /* SceneDelegate.swift */ = {isa = PBXFileReference; lastKnownFileType = sourcecode.swift; path = SceneDelegate.swift; sourceTree = "<group>"; };
		CA1A96C02435FC5000317FB5 /* ContentView.swift */ = {isa = PBXFileReference; lastKnownFileType = sourcecode.swift; path = ContentView.swift; sourceTree = "<group>"; };
		CA1A96C22435FC5300317FB5 /* Assets.xcassets */ = {isa = PBXFileReference; lastKnownFileType = folder.assetcatalog; path = Assets.xcassets; sourceTree = "<group>"; };
		CA1A96C52435FC5300317FB5 /* Preview Assets.xcassets */ = {isa = PBXFileReference; lastKnownFileType = folder.assetcatalog; path = "Preview Assets.xcassets"; sourceTree = "<group>"; };
		CA1A96C82435FC5300317FB5 /* Base */ = {isa = PBXFileReference; lastKnownFileType = file.storyboard; name = Base; path = Base.lproj/LaunchScreen.storyboard; sourceTree = "<group>"; };
		CA1A96CA2435FC5300317FB5 /* Info.plist */ = {isa = PBXFileReference; lastKnownFileType = text.plist.xml; path = Info.plist; sourceTree = "<group>"; };
		CA1A96D02435FD4000317FB5 /* LoginView.swift */ = {isa = PBXFileReference; lastKnownFileType = sourcecode.swift; path = LoginView.swift; sourceTree = "<group>"; };
		CA1A96D22436007F00317FB5 /* SignUpView.swift */ = {isa = PBXFileReference; lastKnownFileType = sourcecode.swift; path = SignUpView.swift; sourceTree = "<group>"; };
		CAE32A95246F30BA00D75100 /* GoogleService-Info.plist */ = {isa = PBXFileReference; fileEncoding = 4; lastKnownFileType = text.plist.xml; path = "GoogleService-Info.plist"; sourceTree = "<group>"; };
		CAE32A97246F339500D75100 /* HomeView.swift */ = {isa = PBXFileReference; lastKnownFileType = sourcecode.swift; path = HomeView.swift; sourceTree = "<group>"; };
		CAE32A99246F343D00D75100 /* MainView.swift */ = {isa = PBXFileReference; lastKnownFileType = sourcecode.swift; path = MainView.swift; sourceTree = "<group>"; };
		F1998D89A7417306EB9610CC /* Pods_App.framework */ = {isa = PBXFileReference; explicitFileType = wrapper.framework; includeInIndex = 0; path = Pods_App.framework; sourceTree = BUILT_PRODUCTS_DIR; };
/* End PBXFileReference section */

/* Begin PBXFrameworksBuildPhase section */
		CA1A96B62435FC5000317FB5 /* Frameworks */ = {
			isa = PBXFrameworksBuildPhase;
			buildActionMask = 2147483647;
			files = (
				0789E766DF104CB41AB92D83 /* Pods_App.framework in Frameworks */,
			);
			runOnlyForDeploymentPostprocessing = 0;
		};
/* End PBXFrameworksBuildPhase section */

/* Begin PBXGroup section */
		97CB0C66F9A3A6958A1CE53B /* Pods */ = {
			isa = PBXGroup;
			children = (
				0CE0876B78F109C9C162A0FC /* Pods-App.debug.xcconfig */,
				6EE0F84EBC9C2FCFFB6E50EE /* Pods-App.release.xcconfig */,
			);
			path = Pods;
			sourceTree = "<group>";
		};
		C8B3BCA59BFE5916ED965BE8 /* Frameworks */ = {
			isa = PBXGroup;
			children = (
				F1998D89A7417306EB9610CC /* Pods_App.framework */,
			);
			name = Frameworks;
			sourceTree = "<group>";
		};
		CA1A96B02435FC5000317FB5 = {
			isa = PBXGroup;
			children = (
				CA1A96BB2435FC5000317FB5 /* App */,
				CA1A96BA2435FC5000317FB5 /* Products */,
				97CB0C66F9A3A6958A1CE53B /* Pods */,
				C8B3BCA59BFE5916ED965BE8 /* Frameworks */,
			);
			sourceTree = "<group>";
		};
		CA1A96BA2435FC5000317FB5 /* Products */ = {
			isa = PBXGroup;
			children = (
				CA1A96B92435FC5000317FB5 /* App.app */,
			);
			name = Products;
			sourceTree = "<group>";
		};
		CA1A96BB2435FC5000317FB5 /* App */ = {
			isa = PBXGroup;
			children = (
				CAE32A95246F30BA00D75100 /* GoogleService-Info.plist */,
				CA1A96BC2435FC5000317FB5 /* AppDelegate.swift */,
				CA1A96BE2435FC5000317FB5 /* SceneDelegate.swift */,
				CA1A96C02435FC5000317FB5 /* ContentView.swift */,
				CA1A96C22435FC5300317FB5 /* Assets.xcassets */,
				CA1A96C72435FC5300317FB5 /* LaunchScreen.storyboard */,
				CA1A96CA2435FC5300317FB5 /* Info.plist */,
				CA1A96C42435FC5300317FB5 /* Preview Content */,
				CA1A96D02435FD4000317FB5 /* LoginView.swift */,
				CA1A96D22436007F00317FB5 /* SignUpView.swift */,
				CAE32A97246F339500D75100 /* HomeView.swift */,
				CAE32A99246F343D00D75100 /* MainView.swift */,
			);
			path = App;
			sourceTree = "<group>";
		};
		CA1A96C42435FC5300317FB5 /* Preview Content */ = {
			isa = PBXGroup;
			children = (
				CA1A96C52435FC5300317FB5 /* Preview Assets.xcassets */,
			);
			path = "Preview Content";
			sourceTree = "<group>";
		};
/* End PBXGroup section */

/* Begin PBXNativeTarget section */
		CA1A96B82435FC5000317FB5 /* App */ = {
			isa = PBXNativeTarget;
			buildConfigurationList = CA1A96CD2435FC5300317FB5 /* Build configuration list for PBXNativeTarget "App" */;
			buildPhases = (
				8453EECDF5D4E8C4A662E1D0 /* [CP] Check Pods Manifest.lock */,
				CA1A96B52435FC5000317FB5 /* Sources */,
				CA1A96B62435FC5000317FB5 /* Frameworks */,
				CA1A96B72435FC5000317FB5 /* Resources */,
				A29F67CCF0B67CE9F2F9F06A /* [CP] Embed Pods Frameworks */,
			);
			buildRules = (
			);
			dependencies = (
			);
			name = App;
			productName = App;
			productReference = CA1A96B92435FC5000317FB5 /* App.app */;
			productType = "com.apple.product-type.application";
		};
/* End PBXNativeTarget section */

/* Begin PBXProject section */
		CA1A96B12435FC5000317FB5 /* Project object */ = {
			isa = PBXProject;
			attributes = {
				LastSwiftUpdateCheck = 1140;
				LastUpgradeCheck = 1140;
				ORGANIZATIONNAME = "Кристина Перегудова";
				TargetAttributes = {
					CA1A96B82435FC5000317FB5 = {
						CreatedOnToolsVersion = 11.4;
					};
				};
			};
			buildConfigurationList = CA1A96B42435FC5000317FB5 /* Build configuration list for PBXProject "App" */;
			compatibilityVersion = "Xcode 9.3";
			developmentRegion = en;
			hasScannedForEncodings = 0;
			knownRegions = (
				en,
				Base,
			);
			mainGroup = CA1A96B02435FC5000317FB5;
			productRefGroup = CA1A96BA2435FC5000317FB5 /* Products */;
			projectDirPath = "";
			projectRoot = "";
			targets = (
				CA1A96B82435FC5000317FB5 /* App */,
			);
		};
/* End PBXProject section */

/* Begin PBXResourcesBuildPhase section */
		CA1A96B72435FC5000317FB5 /* Resources */ = {
			isa = PBXResourcesBuildPhase;
			buildActionMask = 2147483647;
			files = (
				CA1A96C92435FC5300317FB5 /* LaunchScreen.storyboard in Resources */,
				CAE32A96246F30BA00D75100 /* GoogleService-Info.plist in Resources */,
				CA1A96C62435FC5300317FB5 /* Preview Assets.xcassets in Resources */,
				CA1A96C32435FC5300317FB5 /* Assets.xcassets in Resources */,
			);
			runOnlyForDeploymentPostprocessing = 0;
		};
/* End PBXResourcesBuildPhase section */

/* Begin PBXShellScriptBuildPhase section */
		8453EECDF5D4E8C4A662E1D0 /* [CP] Check Pods Manifest.lock */ = {
			isa = PBXShellScriptBuildPhase;
			buildActionMask = 2147483647;
			files = (
			);
			inputFileListPaths = (
			);
			inputPaths = (
				"${PODS_PODFILE_DIR_PATH}/Podfile.lock",
				"${PODS_ROOT}/Manifest.lock",
			);
			name = "[CP] Check Pods Manifest.lock";
			outputFileListPaths = (
			);
			outputPaths = (
				"$(DERIVED_FILE_DIR)/Pods-App-checkManifestLockResult.txt",
			);
			runOnlyForDeploymentPostprocessing = 0;
			shellPath = /bin/sh;
			shellScript = "diff \"${PODS_PODFILE_DIR_PATH}/Podfile.lock\" \"${PODS_ROOT}/Manifest.lock\" > /dev/null\nif [ $? != 0 ] ; then\n    # print error to STDERR\n    echo \"error: The sandbox is not in sync with the Podfile.lock. Run 'pod install' or update your CocoaPods installation.\" >&2\n    exit 1\nfi\n# This output is used by Xcode 'outputs' to avoid re-running this script phase.\necho \"SUCCESS\" > \"${SCRIPT_OUTPUT_FILE_0}\"\n";
			showEnvVarsInLog = 0;
		};
		A29F67CCF0B67CE9F2F9F06A /* [CP] Embed Pods Frameworks */ = {
			isa = PBXShellScriptBuildPhase;
			buildActionMask = 2147483647;
			files = (
			);
			inputFileListPaths = (
				"${PODS_ROOT}/Target Support Files/Pods-App/Pods-App-frameworks-${CONFIGURATION}-input-files.xcfilelist",
			);
			name = "[CP] Embed Pods Frameworks";
			outputFileListPaths = (
				"${PODS_ROOT}/Target Support Files/Pods-App/Pods-App-frameworks-${CONFIGURATION}-output-files.xcfilelist",
			);
			runOnlyForDeploymentPostprocessing = 0;
			shellPath = /bin/sh;
			shellScript = "\"${PODS_ROOT}/Target Support Files/Pods-App/Pods-App-frameworks.sh\"\n";
			showEnvVarsInLog = 0;
		};
/* End PBXShellScriptBuildPhase section */

/* Begin PBXSourcesBuildPhase section */
		CA1A96B52435FC5000317FB5 /* Sources */ = {
			isa = PBXSourcesBuildPhase;
			buildActionMask = 2147483647;
			files = (
				CA1A96BD2435FC5000317FB5 /* AppDelegate.swift in Sources */,
				CAE32A9A246F343D00D75100 /* MainView.swift in Sources */,
				CA1A96D32436007F00317FB5 /* SignUpView.swift in Sources */,
				CA1A96BF2435FC5000317FB5 /* SceneDelegate.swift in Sources */,
				CAE32A98246F339500D75100 /* HomeView.swift in Sources */,
				CA1A96D12435FD4000317FB5 /* LoginView.swift in Sources */,
				CA1A96C12435FC5000317FB5 /* ContentView.swift in Sources */,
			);
			runOnlyForDeploymentPostprocessing = 0;
		};
/* End PBXSourcesBuildPhase section */

/* Begin PBXVariantGroup section */
		CA1A96C72435FC5300317FB5 /* LaunchScreen.storyboard */ = {
			isa = PBXVariantGroup;
			children = (
				CA1A96C82435FC5300317FB5 /* Base */,
			);
			name = LaunchScreen.storyboard;
			sourceTree = "<group>";
		};
/* End PBXVariantGroup section */

/* Begin XCBuildConfiguration section */
		CA1A96CB2435FC5300317FB5 /* Debug */ = {
			isa = XCBuildConfiguration;
			buildSettings = {
				ALWAYS_SEARCH_USER_PATHS = NO;
				CLANG_ANALYZER_NONNULL = YES;
				CLANG_ANALYZER_NUMBER_OBJECT_CONVERSION = YES_AGGRESSIVE;
				CLANG_CXX_LANGUAGE_STANDARD = "gnu++14";
				CLANG_CXX_LIBRARY = "libc++";
				CLANG_ENABLE_MODULES = YES;
				CLANG_ENABLE_OBJC_ARC = YES;
				CLANG_ENABLE_OBJC_WEAK = YES;
				CLANG_WARN_BLOCK_CAPTURE_AUTORELEASING = YES;
				CLANG_WARN_BOOL_CONVERSION = YES;
				CLANG_WARN_COMMA = YES;
				CLANG_WARN_CONSTANT_CONVERSION = YES;
				CLANG_WARN_DEPRECATED_OBJC_IMPLEMENTATIONS = YES;
				CLANG_WARN_DIRECT_OBJC_ISA_USAGE = YES_ERROR;
				CLANG_WARN_DOCUMENTATION_COMMENTS = YES;
				CLANG_WARN_EMPTY_BODY = YES;
				CLANG_WARN_ENUM_CONVERSION = YES;
				CLANG_WARN_INFINITE_RECURSION = YES;
				CLANG_WARN_INT_CONVERSION = YES;
				CLANG_WARN_NON_LITERAL_NULL_CONVERSION = YES;
				CLANG_WARN_OBJC_IMPLICIT_RETAIN_SELF = YES;
				CLANG_WARN_OBJC_LITERAL_CONVERSION = YES;
				CLANG_WARN_OBJC_ROOT_CLASS = YES_ERROR;
				CLANG_WARN_RANGE_LOOP_ANALYSIS = YES;
				CLANG_WARN_STRICT_PROTOTYPES = YES;
				CLANG_WARN_SUSPICIOUS_MOVE = YES;
				CLANG_WARN_UNGUARDED_AVAILABILITY = YES_AGGRESSIVE;
				CLANG_WARN_UNREACHABLE_CODE = YES;
				CLANG_WARN__DUPLICATE_METHOD_MATCH = YES;
				COPY_PHASE_STRIP = NO;
				DEBUG_INFORMATION_FORMAT = dwarf;
				ENABLE_STRICT_OBJC_MSGSEND = YES;
				ENABLE_TESTABILITY = YES;
				GCC_C_LANGUAGE_STANDARD = gnu11;
				GCC_DYNAMIC_NO_PIC = NO;
				GCC_NO_COMMON_BLOCKS = YES;
				GCC_OPTIMIZATION_LEVEL = 0;
				GCC_PREPROCESSOR_DEFINITIONS = (
					"DEBUG=1",
					"$(inherited)",
				);
				GCC_WARN_64_TO_32_BIT_CONVERSION = YES;
				GCC_WARN_ABOUT_RETURN_TYPE = YES_ERROR;
				GCC_WARN_UNDECLARED_SELECTOR = YES;
				GCC_WARN_UNINITIALIZED_AUTOS = YES_AGGRESSIVE;
				GCC_WARN_UNUSED_FUNCTION = YES;
				GCC_WARN_UNUSED_VARIABLE = YES;
				IPHONEOS_DEPLOYMENT_TARGET = 13.4;
				MTL_ENABLE_DEBUG_INFO = INCLUDE_SOURCE;
				MTL_FAST_MATH = YES;
				ONLY_ACTIVE_ARCH = YES;
				SDKROOT = iphoneos;
				SWIFT_ACTIVE_COMPILATION_CONDITIONS = DEBUG;
				SWIFT_OPTIMIZATION_LEVEL = "-Onone";
			};
			name = Debug;
		};
		CA1A96CC2435FC5300317FB5 /* Release */ = {
			isa = XCBuildConfiguration;
			buildSettings = {
				ALWAYS_SEARCH_USER_PATHS = NO;
				CLANG_ANALYZER_NONNULL = YES;
				CLANG_ANALYZER_NUMBER_OBJECT_CONVERSION = YES_AGGRESSIVE;
				CLANG_CXX_LANGUAGE_STANDARD = "gnu++14";
				CLANG_CXX_LIBRARY = "libc++";
				CLANG_ENABLE_MODULES = YES;
				CLANG_ENABLE_OBJC_ARC = YES;
				CLANG_ENABLE_OBJC_WEAK = YES;
				CLANG_WARN_BLOCK_CAPTURE_AUTORELEASING = YES;
				CLANG_WARN_BOOL_CONVERSION = YES;
				CLANG_WARN_COMMA = YES;
				CLANG_WARN_CONSTANT_CONVERSION = YES;
				CLANG_WARN_DEPRECATED_OBJC_IMPLEMENTATIONS = YES;
				CLANG_WARN_DIRECT_OBJC_ISA_USAGE = YES_ERROR;
				CLANG_WARN_DOCUMENTATION_COMMENTS = YES;
				CLANG_WARN_EMPTY_BODY = YES;
				CLANG_WARN_ENUM_CONVERSION = YES;
				CLANG_WARN_INFINITE_RECURSION = YES;
				CLANG_WARN_INT_CONVERSION = YES;
				CLANG_WARN_NON_LITERAL_NULL_CONVERSION = YES;
				CLANG_WARN_OBJC_IMPLICIT_RETAIN_SELF = YES;
				CLANG_WARN_OBJC_LITERAL_CONVERSION = YES;
				CLANG_WARN_OBJC_ROOT_CLASS = YES_ERROR;
				CLANG_WARN_RANGE_LOOP_ANALYSIS = YES;
				CLANG_WARN_STRICT_PROTOTYPES = YES;
				CLANG_WARN_SUSPICIOUS_MOVE = YES;
				CLANG_WARN_UNGUARDED_AVAILABILITY = YES_AGGRESSIVE;
				CLANG_WARN_UNREACHABLE_CODE = YES;
				CLANG_WARN__DUPLICATE_METHOD_MATCH = YES;
				COPY_PHASE_STRIP = NO;
				DEBUG_INFORMATION_FORMAT = "dwarf-with-dsym";
				ENABLE_NS_ASSERTIONS = NO;
				ENABLE_STRICT_OBJC_MSGSEND = YES;
				GCC_C_LANGUAGE_STANDARD = gnu11;
				GCC_NO_COMMON_BLOCKS = YES;
				GCC_WARN_64_TO_32_BIT_CONVERSION = YES;
				GCC_WARN_ABOUT_RETURN_TYPE = YES_ERROR;
				GCC_WARN_UNDECLARED_SELECTOR = YES;
				GCC_WARN_UNINITIALIZED_AUTOS = YES_AGGRESSIVE;
				GCC_WARN_UNUSED_FUNCTION = YES;
				GCC_WARN_UNUSED_VARIABLE = YES;
				IPHONEOS_DEPLOYMENT_TARGET = 13.4;
				MTL_ENABLE_DEBUG_INFO = NO;
				MTL_FAST_MATH = YES;
				SDKROOT = iphoneos;
				SWIFT_COMPILATION_MODE = wholemodule;
				SWIFT_OPTIMIZATION_LEVEL = "-O";
				VALIDATE_PRODUCT = YES;
			};
			name = Release;
		};
		CA1A96CE2435FC5300317FB5 /* Debug */ = {
			isa = XCBuildConfiguration;
			baseConfigurationReference = 0CE0876B78F109C9C162A0FC /* Pods-App.debug.xcconfig */;
			buildSettings = {
				ASSETCATALOG_COMPILER_APPICON_NAME = AppIcon;
				CODE_SIGN_STYLE = Automatic;
				DEVELOPMENT_ASSET_PATHS = "\"App/Preview Content\"";
				DEVELOPMENT_TEAM = 7NZPBTA9R6;
				ENABLE_PREVIEWS = YES;
				INFOPLIST_FILE = App/Info.plist;
				LD_RUNPATH_SEARCH_PATHS = (
					"$(inherited)",
					"@executable_path/Frameworks",
				);
				PRODUCT_BUNDLE_IDENTIFIER = com.perekrist.App;
				PRODUCT_NAME = "$(TARGET_NAME)";
				SWIFT_VERSION = 5.0;
				TARGETED_DEVICE_FAMILY = "1,2";
			};
			name = Debug;
		};
		CA1A96CF2435FC5300317FB5 /* Release */ = {
			isa = XCBuildConfiguration;
			baseConfigurationReference = 6EE0F84EBC9C2FCFFB6E50EE /* Pods-App.release.xcconfig */;
			buildSettings = {
				ASSETCATALOG_COMPILER_APPICON_NAME = AppIcon;
				CODE_SIGN_STYLE = Automatic;
				DEVELOPMENT_ASSET_PATHS = "\"App/Preview Content\"";
				DEVELOPMENT_TEAM = 7NZPBTA9R6;
				ENABLE_PREVIEWS = YES;
				INFOPLIST_FILE = App/Info.plist;
				LD_RUNPATH_SEARCH_PATHS = (
					"$(inherited)",
					"@executable_path/Frameworks",
				);
				PRODUCT_BUNDLE_IDENTIFIER = com.perekrist.App;
				PRODUCT_NAME = "$(TARGET_NAME)";
				SWIFT_VERSION = 5.0;
				TARGETED_DEVICE_FAMILY = "1,2";
			};
			name = Release;
		};
/* End XCBuildConfiguration section */

/* Begin XCConfigurationList section */
		CA1A96B42435FC5000317FB5 /* Build configuration list for PBXProject "App" */ = {
			isa = XCConfigurationList;
			buildConfigurations = (
				CA1A96CB2435FC5300317FB5 /* Debug */,
				CA1A96CC2435FC5300317FB5 /* Release */,
			);
			defaultConfigurationIsVisible = 0;
			defaultConfigurationName = Release;
		};
		CA1A96CD2435FC5300317FB5 /* Build configuration list for PBXNativeTarget "App" */ = {
			isa = XCConfigurationList;
			buildConfigurations = (
				CA1A96CE2435FC5300317FB5 /* Debug */,
				CA1A96CF2435FC5300317FB5 /* Release */,
			);
			defaultConfigurationIsVisible = 0;
			defaultConfigurationName = Release;
		};
/* End XCConfigurationList section */
	};
	rootObject = CA1A96B12435FC5000317FB5 /* Project object */;
}
